
Microsoft Visual Studio Solution File, Format Version 12.00
# Visual Studio Version 16
VisualStudioVersion = 25.0.1706.11
MinimumVisualStudioVersion = 10.0.40219.1
Project("{FAE04EC0-301F-11D3-BF4B-00C04F79EFBC}") = "Log4NetSample", "Log4NetSample\Log4NetSample.csproj", "{31ADCC81-05B8-468B-B13D-EB3CA2C124C5}"
EndProject
Global
	GlobalSection(SolutionConfigurationPlatforms) = preSolution
		Debug|Any CPU = Debug|Any CPU
		Release|Any CPU = Release|Any CPU
	EndGlobalSection
	GlobalSection(ProjectConfigurationPlatforms) = postSolution
		{31ADCC81-05B8-468B-B13D-EB3CA2C124C5}.Debug|Any CPU.ActiveCfg = Debug|Any CPU
		{31ADCC81-05B8-468B-B13D-EB3CA2C124C5}.Debug|Any CPU.Build.0 = Debug|Any CPU
		{31ADCC81-05B8-468B-B13D-EB3CA2C124C5}.Release|Any CPU.ActiveCfg = Release|Any CPU
		{31ADCC81-05B8-468B-B13D-EB3CA2C124C5}.Release|Any CPU.Build.0 = Release|Any CPU
	EndGlobalSection
	GlobalSection(SolutionProperties) = preSolution
		HideSolutionNode = FALSE
	EndGlobalSection
	GlobalSection(ExtensibilityGlobals) = postSolution
		SolutionGuid = {05A1F6FA-D504-4BF0-B96C-C32F6EC4982A}
	EndGlobalSection
EndGlobal
